// !$*UTF8*$!
{
	archiveVersion = 1;
	classes = {
	};
	objectVersion = 56;
	objects = {

/* Begin PBXBuildFile section */
		52DF2B132BDF328000172E9A /* AnimaliaApp.swift in Sources */ = {isa = PBXBuildFile; fileRef = 52DF2B122BDF328000172E9A /* AnimaliaApp.swift */; };
		52DF2B152BDF328000172E9A /* BrowseView.swift in Sources */ = {isa = PBXBuildFile; fileRef = 52DF2B142BDF328000172E9A /* BrowseView.swift */; };
		52DF2B172BDF328100172E9A /* Assets.xcassets in Resources */ = {isa = PBXBuildFile; fileRef = 52DF2B162BDF328100172E9A /* Assets.xcassets */; };
		52DF2B1A2BDF328100172E9A /* Preview Assets.xcassets in Resources */ = {isa = PBXBuildFile; fileRef = 52DF2B192BDF328100172E9A /* Preview Assets.xcassets */; };
		52DF2B282BDF359D00172E9A /* animals.json in Resources */ = {isa = PBXBuildFile; fileRef = 52DF2B232BDF359D00172E9A /* animals.json */; };
		52DF2B292BDF359D00172E9A /* covers.json in Resources */ = {isa = PBXBuildFile; fileRef = 52DF2B242BDF359D00172E9A /* covers.json */; };
		52DF2B2A2BDF359D00172E9A /* locations.json in Resources */ = {isa = PBXBuildFile; fileRef = 52DF2B252BDF359D00172E9A /* locations.json */; };
		52DF2B2B2BDF359D00172E9A /* videos.json in Resources */ = {isa = PBXBuildFile; fileRef = 52DF2B262BDF359D00172E9A /* videos.json */; };
		52DF2B372BDF35B500172E9A /* cheetah.mp4 in Resources */ = {isa = PBXBuildFile; fileRef = 52DF2B2C2BDF35B500172E9A /* cheetah.mp4 */; };
		52DF2B382BDF35B500172E9A /* elephant.mp4 in Resources */ = {isa = PBXBuildFile; fileRef = 52DF2B2D2BDF35B500172E9A /* elephant.mp4 */; };
		52DF2B392BDF35B500172E9A /* giraffe.mp4 in Resources */ = {isa = PBXBuildFile; fileRef = 52DF2B2E2BDF35B500172E9A /* giraffe.mp4 */; };
		52DF2B3A2BDF35B500172E9A /* gorilla.mp4 in Resources */ = {isa = PBXBuildFile; fileRef = 52DF2B2F2BDF35B500172E9A /* gorilla.mp4 */; };
		52DF2B3B2BDF35B500172E9A /* hippo.mp4 in Resources */ = {isa = PBXBuildFile; fileRef = 52DF2B302BDF35B500172E9A /* hippo.mp4 */; };
		52DF2B3C2BDF35B500172E9A /* lion.mp4 in Resources */ = {isa = PBXBuildFile; fileRef = 52DF2B312BDF35B500172E9A /* lion.mp4 */; };
		52DF2B3D2BDF35B500172E9A /* lioness.mp4 in Resources */ = {isa = PBXBuildFile; fileRef = 52DF2B322BDF35B500172E9A /* lioness.mp4 */; };
		52DF2B3E2BDF35B500172E9A /* ostrich.mp4 in Resources */ = {isa = PBXBuildFile; fileRef = 52DF2B332BDF35B500172E9A /* ostrich.mp4 */; };
		52DF2B3F2BDF35B500172E9A /* rhino.mp4 in Resources */ = {isa = PBXBuildFile; fileRef = 52DF2B342BDF35B500172E9A /* rhino.mp4 */; };
		52DF2B402BDF35B500172E9A /* zebra.mp4 in Resources */ = {isa = PBXBuildFile; fileRef = 52DF2B352BDF35B500172E9A /* zebra.mp4 */; };
		52DF2B442BDF37E600172E9A /* CoverImageView.swift in Sources */ = {isa = PBXBuildFile; fileRef = 52DF2B432BDF37E600172E9A /* CoverImageView.swift */; };
		52DF2B472BDF38EB00172E9A /* CoverImageModel.swift in Sources */ = {isa = PBXBuildFile; fileRef = 52DF2B462BDF38EB00172E9A /* CoverImageModel.swift */; };
		52DF2B4A2BDF39DD00172E9A /* Bundle+Ext.swift in Sources */ = {isa = PBXBuildFile; fileRef = 52DF2B492BDF39DD00172E9A /* Bundle+Ext.swift */; };
		52DF2B4D2BDF43D200172E9A /* AnimalModel.swift in Sources */ = {isa = PBXBuildFile; fileRef = 52DF2B4C2BDF43D200172E9A /* AnimalModel.swift */; };
		52DF2B4F2BDF44A500172E9A /* AnimalListItemView.swift in Sources */ = {isa = PBXBuildFile; fileRef = 52DF2B4E2BDF44A500172E9A /* AnimalListItemView.swift */; };
		52DF2B512BDF503700172E9A /* OctagonImageFrame.swift in Sources */ = {isa = PBXBuildFile; fileRef = 52DF2B502BDF503700172E9A /* OctagonImageFrame.swift */; };
		52DF2B532BDF5D1D00172E9A /* AnimalGridItemView.swift in Sources */ = {isa = PBXBuildFile; fileRef = 52DF2B522BDF5D1D00172E9A /* AnimalGridItemView.swift */; };
		52DF2B552BDF607700172E9A /* MainView.swift in Sources */ = {isa = PBXBuildFile; fileRef = 52DF2B542BDF607700172E9A /* MainView.swift */; };
		52DF2B572BDF774600172E9A /* AnimalDetailView.swift in Sources */ = {isa = PBXBuildFile; fileRef = 52DF2B562BDF774600172E9A /* AnimalDetailView.swift */; };
		52DF2B592BDF7CAE00172E9A /* HeadingView.swift in Sources */ = {isa = PBXBuildFile; fileRef = 52DF2B582BDF7CAE00172E9A /* HeadingView.swift */; };
		52DF2B5B2BDF7F5700172E9A /* InsetGalleryView.swift in Sources */ = {isa = PBXBuildFile; fileRef = 52DF2B5A2BDF7F5700172E9A /* InsetGalleryView.swift */; };
		52DF2B5D2BDF829600172E9A /* InsetFactView.swift in Sources */ = {isa = PBXBuildFile; fileRef = 52DF2B5C2BDF829600172E9A /* InsetFactView.swift */; };
		52DF2B5F2BDF8B4600172E9A /* InsetMapView.swift in Sources */ = {isa = PBXBuildFile; fileRef = 52DF2B5E2BDF8B4600172E9A /* InsetMapView.swift */; };
		52DF2B612BDF8E2500172E9A /* CLLocation+Ext.swift in Sources */ = {isa = PBXBuildFile; fileRef = 52DF2B602BDF8E2500172E9A /* CLLocation+Ext.swift */; };
		52DF2B632BDF946B00172E9A /* ExternalWebLinkView.swift in Sources */ = {isa = PBXBuildFile; fileRef = 52DF2B622BDF946B00172E9A /* ExternalWebLinkView.swift */; };
/* End PBXBuildFile section */

/* Begin PBXFileReference section */
		52DF2B0F2BDF328000172E9A /* Animalia.app */ = {isa = PBXFileReference; explicitFileType = wrapper.application; includeInIndex = 0; path = Animalia.app; sourceTree = BUILT_PRODUCTS_DIR; };
		52DF2B122BDF328000172E9A /* AnimaliaApp.swift */ = {isa = PBXFileReference; lastKnownFileType = sourcecode.swift; path = AnimaliaApp.swift; sourceTree = "<group>"; };
		52DF2B142BDF328000172E9A /* BrowseView.swift */ = {isa = PBXFileReference; lastKnownFileType = sourcecode.swift; path = BrowseView.swift; sourceTree = "<group>"; };
		52DF2B162BDF328100172E9A /* Assets.xcassets */ = {isa = PBXFileReference; lastKnownFileType = folder.assetcatalog; path = Assets.xcassets; sourceTree = "<group>"; };
		52DF2B192BDF328100172E9A /* Preview Assets.xcassets */ = {isa = PBXFileReference; lastKnownFileType = folder.assetcatalog; path = "Preview Assets.xcassets"; sourceTree = "<group>"; };
		52DF2B232BDF359D00172E9A /* animals.json */ = {isa = PBXFileReference; fileEncoding = 4; lastKnownFileType = text.json; path = animals.json; sourceTree = "<group>"; };
		52DF2B242BDF359D00172E9A /* covers.json */ = {isa = PBXFileReference; fileEncoding = 4; lastKnownFileType = text.json; path = covers.json; sourceTree = "<group>"; };
		52DF2B252BDF359D00172E9A /* locations.json */ = {isa = PBXFileReference; fileEncoding = 4; lastKnownFileType = text.json; path = locations.json; sourceTree = "<group>"; };
		52DF2B262BDF359D00172E9A /* videos.json */ = {isa = PBXFileReference; fileEncoding = 4; lastKnownFileType = text.json; path = videos.json; sourceTree = "<group>"; };
		52DF2B2C2BDF35B500172E9A /* cheetah.mp4 */ = {isa = PBXFileReference; lastKnownFileType = file; path = cheetah.mp4; sourceTree = "<group>"; };
		52DF2B2D2BDF35B500172E9A /* elephant.mp4 */ = {isa = PBXFileReference; lastKnownFileType = file; path = elephant.mp4; sourceTree = "<group>"; };
		52DF2B2E2BDF35B500172E9A /* giraffe.mp4 */ = {isa = PBXFileReference; lastKnownFileType = file; path = giraffe.mp4; sourceTree = "<group>"; };
		52DF2B2F2BDF35B500172E9A /* gorilla.mp4 */ = {isa = PBXFileReference; lastKnownFileType = file; path = gorilla.mp4; sourceTree = "<group>"; };
		52DF2B302BDF35B500172E9A /* hippo.mp4 */ = {isa = PBXFileReference; lastKnownFileType = file; path = hippo.mp4; sourceTree = "<group>"; };
		52DF2B312BDF35B500172E9A /* lion.mp4 */ = {isa = PBXFileReference; lastKnownFileType = file; path = lion.mp4; sourceTree = "<group>"; };
		52DF2B322BDF35B500172E9A /* lioness.mp4 */ = {isa = PBXFileReference; lastKnownFileType = file; path = lioness.mp4; sourceTree = "<group>"; };
		52DF2B332BDF35B500172E9A /* ostrich.mp4 */ = {isa = PBXFileReference; lastKnownFileType = file; path = ostrich.mp4; sourceTree = "<group>"; };
		52DF2B342BDF35B500172E9A /* rhino.mp4 */ = {isa = PBXFileReference; lastKnownFileType = file; path = rhino.mp4; sourceTree = "<group>"; };
		52DF2B352BDF35B500172E9A /* zebra.mp4 */ = {isa = PBXFileReference; lastKnownFileType = file; path = zebra.mp4; sourceTree = "<group>"; };
		52DF2B432BDF37E600172E9A /* CoverImageView.swift */ = {isa = PBXFileReference; lastKnownFileType = sourcecode.swift; path = CoverImageView.swift; sourceTree = "<group>"; };
		52DF2B462BDF38EB00172E9A /* CoverImageModel.swift */ = {isa = PBXFileReference; lastKnownFileType = sourcecode.swift; path = CoverImageModel.swift; sourceTree = "<group>"; };
		52DF2B492BDF39DD00172E9A /* Bundle+Ext.swift */ = {isa = PBXFileReference; lastKnownFileType = sourcecode.swift; path = "Bundle+Ext.swift"; sourceTree = "<group>"; };
		52DF2B4B2BDF3FF000172E9A /* Info.plist */ = {isa = PBXFileReference; lastKnownFileType = text.plist; path = Info.plist; sourceTree = "<group>"; };
		52DF2B4C2BDF43D200172E9A /* AnimalModel.swift */ = {isa = PBXFileReference; lastKnownFileType = sourcecode.swift; path = AnimalModel.swift; sourceTree = "<group>"; };
		52DF2B4E2BDF44A500172E9A /* AnimalListItemView.swift */ = {isa = PBXFileReference; lastKnownFileType = sourcecode.swift; path = AnimalListItemView.swift; sourceTree = "<group>"; };
		52DF2B502BDF503700172E9A /* OctagonImageFrame.swift */ = {isa = PBXFileReference; lastKnownFileType = sourcecode.swift; path = OctagonImageFrame.swift; sourceTree = "<group>"; };
		52DF2B522BDF5D1D00172E9A /* AnimalGridItemView.swift */ = {isa = PBXFileReference; lastKnownFileType = sourcecode.swift; path = AnimalGridItemView.swift; sourceTree = "<group>"; };
		52DF2B542BDF607700172E9A /* MainView.swift */ = {isa = PBXFileReference; lastKnownFileType = sourcecode.swift; path = MainView.swift; sourceTree = "<group>"; };
		52DF2B562BDF774600172E9A /* AnimalDetailView.swift */ = {isa = PBXFileReference; lastKnownFileType = sourcecode.swift; path = AnimalDetailView.swift; sourceTree = "<group>"; };
		52DF2B582BDF7CAE00172E9A /* HeadingView.swift */ = {isa = PBXFileReference; lastKnownFileType = sourcecode.swift; path = HeadingView.swift; sourceTree = "<group>"; };
		52DF2B5A2BDF7F5700172E9A /* InsetGalleryView.swift */ = {isa = PBXFileReference; lastKnownFileType = sourcecode.swift; path = InsetGalleryView.swift; sourceTree = "<group>"; };
		52DF2B5C2BDF829600172E9A /* InsetFactView.swift */ = {isa = PBXFileReference; lastKnownFileType = sourcecode.swift; path = InsetFactView.swift; sourceTree = "<group>"; };
		52DF2B5E2BDF8B4600172E9A /* InsetMapView.swift */ = {isa = PBXFileReference; lastKnownFileType = sourcecode.swift; path = InsetMapView.swift; sourceTree = "<group>"; };
		52DF2B602BDF8E2500172E9A /* CLLocation+Ext.swift */ = {isa = PBXFileReference; lastKnownFileType = sourcecode.swift; path = "CLLocation+Ext.swift"; sourceTree = "<group>"; };
		52DF2B622BDF946B00172E9A /* ExternalWebLinkView.swift */ = {isa = PBXFileReference; lastKnownFileType = sourcecode.swift; path = ExternalWebLinkView.swift; sourceTree = "<group>"; };
/* End PBXFileReference section */

/* Begin PBXFrameworksBuildPhase section */
		52DF2B0C2BDF328000172E9A /* Frameworks */ = {
			isa = PBXFrameworksBuildPhase;
			buildActionMask = 2147483647;
			files = (
			);
			runOnlyForDeploymentPostprocessing = 0;
		};
/* End PBXFrameworksBuildPhase section */

/* Begin PBXGroup section */
		52DF2B062BDF328000172E9A = {
			isa = PBXGroup;
			children = (
				52DF2B112BDF328000172E9A /* Animalia */,
				52DF2B102BDF328000172E9A /* Products */,
			);
			sourceTree = "<group>";
		};
		52DF2B102BDF328000172E9A /* Products */ = {
			isa = PBXGroup;
			children = (
				52DF2B0F2BDF328000172E9A /* Animalia.app */,
			);
			name = Products;
			sourceTree = "<group>";
		};
		52DF2B112BDF328000172E9A /* Animalia */ = {
			isa = PBXGroup;
			children = (
				52DF2B4B2BDF3FF000172E9A /* Info.plist */,
				52DF2B482BDF398200172E9A /* Extensions */,
				52DF2B412BDF379D00172E9A /* Modules */,
				52DF2B202BDF328A00172E9A /* App */,
				52DF2B222BDF329A00172E9A /* Main */,
				52DF2B212BDF329000172E9A /* Resources */,
				52DF2B182BDF328100172E9A /* Preview Content */,
			);
			path = Animalia;
			sourceTree = "<group>";
		};
		52DF2B182BDF328100172E9A /* Preview Content */ = {
			isa = PBXGroup;
			children = (
				52DF2B192BDF328100172E9A /* Preview Assets.xcassets */,
			);
			path = "Preview Content";
			sourceTree = "<group>";
		};
		52DF2B202BDF328A00172E9A /* App */ = {
			isa = PBXGroup;
			children = (
				52DF2B122BDF328000172E9A /* AnimaliaApp.swift */,
			);
			path = App;
			sourceTree = "<group>";
		};
		52DF2B212BDF329000172E9A /* Resources */ = {
			isa = PBXGroup;
			children = (
				52DF2B362BDF35B500172E9A /* Video */,
				52DF2B272BDF359D00172E9A /* Data */,
				52DF2B162BDF328100172E9A /* Assets.xcassets */,
			);
			path = Resources;
			sourceTree = "<group>";
		};
		52DF2B222BDF329A00172E9A /* Main */ = {
			isa = PBXGroup;
			children = (
				52DF2B142BDF328000172E9A /* BrowseView.swift */,
				52DF2B542BDF607700172E9A /* MainView.swift */,
			);
			path = Main;
			sourceTree = "<group>";
		};
		52DF2B272BDF359D00172E9A /* Data */ = {
			isa = PBXGroup;
			children = (
				52DF2B232BDF359D00172E9A /* animals.json */,
				52DF2B242BDF359D00172E9A /* covers.json */,
				52DF2B252BDF359D00172E9A /* locations.json */,
				52DF2B262BDF359D00172E9A /* videos.json */,
			);
			path = Data;
			sourceTree = "<group>";
		};
		52DF2B362BDF35B500172E9A /* Video */ = {
			isa = PBXGroup;
			children = (
				52DF2B2C2BDF35B500172E9A /* cheetah.mp4 */,
				52DF2B2D2BDF35B500172E9A /* elephant.mp4 */,
				52DF2B2E2BDF35B500172E9A /* giraffe.mp4 */,
				52DF2B2F2BDF35B500172E9A /* gorilla.mp4 */,
				52DF2B302BDF35B500172E9A /* hippo.mp4 */,
				52DF2B312BDF35B500172E9A /* lion.mp4 */,
				52DF2B322BDF35B500172E9A /* lioness.mp4 */,
				52DF2B332BDF35B500172E9A /* ostrich.mp4 */,
				52DF2B342BDF35B500172E9A /* rhino.mp4 */,
				52DF2B352BDF35B500172E9A /* zebra.mp4 */,
			);
			path = Video;
			sourceTree = "<group>";
		};
		52DF2B412BDF379D00172E9A /* Modules */ = {
			isa = PBXGroup;
			children = (
				52DF2B452BDF383A00172E9A /* Models */,
				52DF2B422BDF37B300172E9A /* Screen */,
			);
			path = Modules;
			sourceTree = "<group>";
		};
		52DF2B422BDF37B300172E9A /* Screen */ = {
			isa = PBXGroup;
			children = (
				52DF2B662BE08D9900172E9A /* Watch */,
				52DF2B642BE08D5900172E9A /* Browse */,
				52DF2B4E2BDF44A500172E9A /* AnimalListItemView.swift */,
				52DF2B502BDF503700172E9A /* OctagonImageFrame.swift */,
				52DF2B522BDF5D1D00172E9A /* AnimalGridItemView.swift */,
				52DF2B562BDF774600172E9A /* AnimalDetailView.swift */,
			);
			path = Screen;
			sourceTree = "<group>";
		};
		52DF2B452BDF383A00172E9A /* Models */ = {
			isa = PBXGroup;
			children = (
				52DF2B462BDF38EB00172E9A /* CoverImageModel.swift */,
				52DF2B4C2BDF43D200172E9A /* AnimalModel.swift */,
			);
			path = Models;
			sourceTree = "<group>";
		};
		52DF2B482BDF398200172E9A /* Extensions */ = {
			isa = PBXGroup;
			children = (
				52DF2B492BDF39DD00172E9A /* Bundle+Ext.swift */,
				52DF2B602BDF8E2500172E9A /* CLLocation+Ext.swift */,
			);
			path = Extensions;
			sourceTree = "<group>";
		};
		52DF2B642BE08D5900172E9A /* Browse */ = {
			isa = PBXGroup;
			children = (
				52DF2B652BE08D6100172E9A /* Subview */,
			);
			path = Browse;
			sourceTree = "<group>";
		};
		52DF2B652BE08D6100172E9A /* Subview */ = {
			isa = PBXGroup;
			children = (
				52DF2B5A2BDF7F5700172E9A /* InsetGalleryView.swift */,
				52DF2B5C2BDF829600172E9A /* InsetFactView.swift */,
				52DF2B5E2BDF8B4600172E9A /* InsetMapView.swift */,
				52DF2B582BDF7CAE00172E9A /* HeadingView.swift */,
				52DF2B622BDF946B00172E9A /* ExternalWebLinkView.swift */,
				52DF2B432BDF37E600172E9A /* CoverImageView.swift */,
			);
			path = Subview;
			sourceTree = "<group>";
		};
		52DF2B662BE08D9900172E9A /* Watch */ = {
			isa = PBXGroup;
			children = (
			);
			path = Watch;
			sourceTree = "<group>";
		};
/* End PBXGroup section */

/* Begin PBXNativeTarget section */
		52DF2B0E2BDF328000172E9A /* Animalia */ = {
			isa = PBXNativeTarget;
			buildConfigurationList = 52DF2B1D2BDF328100172E9A /* Build configuration list for PBXNativeTarget "Animalia" */;
			buildPhases = (
				52DF2B0B2BDF328000172E9A /* Sources */,
				52DF2B0C2BDF328000172E9A /* Frameworks */,
				52DF2B0D2BDF328000172E9A /* Resources */,
			);
			buildRules = (
			);
			dependencies = (
			);
			name = Animalia;
			productName = Animalia;
			productReference = 52DF2B0F2BDF328000172E9A /* Animalia.app */;
			productType = "com.apple.product-type.application";
		};
/* End PBXNativeTarget section */

/* Begin PBXProject section */
		52DF2B072BDF328000172E9A /* Project object */ = {
			isa = PBXProject;
			attributes = {
				BuildIndependentTargetsInParallel = 1;
				LastSwiftUpdateCheck = 1530;
				LastUpgradeCheck = 1530;
				TargetAttributes = {
					52DF2B0E2BDF328000172E9A = {
						CreatedOnToolsVersion = 15.3;
					};
				};
			};
			buildConfigurationList = 52DF2B0A2BDF328000172E9A /* Build configuration list for PBXProject "Animalia" */;
			compatibilityVersion = "Xcode 14.0";
			developmentRegion = en;
			hasScannedForEncodings = 0;
			knownRegions = (
				en,
				Base,
			);
			mainGroup = 52DF2B062BDF328000172E9A;
			productRefGroup = 52DF2B102BDF328000172E9A /* Products */;
			projectDirPath = "";
			projectRoot = "";
			targets = (
				52DF2B0E2BDF328000172E9A /* Animalia */,
			);
		};
/* End PBXProject section */

/* Begin PBXResourcesBuildPhase section */
		52DF2B0D2BDF328000172E9A /* Resources */ = {
			isa = PBXResourcesBuildPhase;
			buildActionMask = 2147483647;
			files = (
				52DF2B282BDF359D00172E9A /* animals.json in Resources */,
				52DF2B3C2BDF35B500172E9A /* lion.mp4 in Resources */,
				52DF2B3B2BDF35B500172E9A /* hippo.mp4 in Resources */,
				52DF2B3F2BDF35B500172E9A /* rhino.mp4 in Resources */,
				52DF2B292BDF359D00172E9A /* covers.json in Resources */,
				52DF2B3D2BDF35B500172E9A /* lioness.mp4 in Resources */,
				52DF2B3A2BDF35B500172E9A /* gorilla.mp4 in Resources */,
				52DF2B2A2BDF359D00172E9A /* locations.json in Resources */,
				52DF2B1A2BDF328100172E9A /* Preview Assets.xcassets in Resources */,
				52DF2B3E2BDF35B500172E9A /* ostrich.mp4 in Resources */,
				52DF2B382BDF35B500172E9A /* elephant.mp4 in Resources */,
				52DF2B172BDF328100172E9A /* Assets.xcassets in Resources */,
				52DF2B402BDF35B500172E9A /* zebra.mp4 in Resources */,
				52DF2B2B2BDF359D00172E9A /* videos.json in Resources */,
				52DF2B372BDF35B500172E9A /* cheetah.mp4 in Resources */,
				52DF2B392BDF35B500172E9A /* giraffe.mp4 in Resources */,
			);
			runOnlyForDeploymentPostprocessing = 0;
		};
/* End PBXResourcesBuildPhase section */

/* Begin PBXSourcesBuildPhase section */
		52DF2B0B2BDF328000172E9A /* Sources */ = {
			isa = PBXSourcesBuildPhase;
			buildActionMask = 2147483647;
			files = (
				52DF2B5D2BDF829600172E9A /* InsetFactView.swift in Sources */,
				52DF2B572BDF774600172E9A /* AnimalDetailView.swift in Sources */,
				52DF2B152BDF328000172E9A /* BrowseView.swift in Sources */,
				52DF2B612BDF8E2500172E9A /* CLLocation+Ext.swift in Sources */,
				52DF2B4D2BDF43D200172E9A /* AnimalModel.swift in Sources */,
				52DF2B442BDF37E600172E9A /* CoverImageView.swift in Sources */,
				52DF2B552BDF607700172E9A /* MainView.swift in Sources */,
				52DF2B512BDF503700172E9A /* OctagonImageFrame.swift in Sources */,
				52DF2B4A2BDF39DD00172E9A /* Bundle+Ext.swift in Sources */,
				52DF2B592BDF7CAE00172E9A /* HeadingView.swift in Sources */,
				52DF2B132BDF328000172E9A /* AnimaliaApp.swift in Sources */,
				52DF2B632BDF946B00172E9A /* ExternalWebLinkView.swift in Sources */,
				52DF2B472BDF38EB00172E9A /* CoverImageModel.swift in Sources */,
				52DF2B5F2BDF8B4600172E9A /* InsetMapView.swift in Sources */,
				52DF2B4F2BDF44A500172E9A /* AnimalListItemView.swift in Sources */,
				52DF2B532BDF5D1D00172E9A /* AnimalGridItemView.swift in Sources */,
				52DF2B5B2BDF7F5700172E9A /* InsetGalleryView.swift in Sources */,
			);
			runOnlyForDeploymentPostprocessing = 0;
		};
/* End PBXSourcesBuildPhase section */

/* Begin XCBuildConfiguration section */
		52DF2B1B2BDF328100172E9A /* Debug */ = {
			isa = XCBuildConfiguration;
			buildSettings = {
				ALWAYS_SEARCH_USER_PATHS = NO;
				ASSETCATALOG_COMPILER_GENERATE_SWIFT_ASSET_SYMBOL_EXTENSIONS = YES;
				CLANG_ANALYZER_NONNULL = YES;
				CLANG_ANALYZER_NUMBER_OBJECT_CONVERSION = YES_AGGRESSIVE;
				CLANG_CXX_LANGUAGE_STANDARD = "gnu++20";
				CLANG_ENABLE_MODULES = YES;
				CLANG_ENABLE_OBJC_ARC = YES;
				CLANG_ENABLE_OBJC_WEAK = YES;
				CLANG_WARN_BLOCK_CAPTURE_AUTORELEASING = YES;
				CLANG_WARN_BOOL_CONVERSION = YES;
				CLANG_WARN_COMMA = YES;
				CLANG_WARN_CONSTANT_CONVERSION = YES;
				CLANG_WARN_DEPRECATED_OBJC_IMPLEMENTATIONS = YES;
				CLANG_WARN_DIRECT_OBJC_ISA_USAGE = YES_ERROR;
				CLANG_WARN_DOCUMENTATION_COMMENTS = YES;
				CLANG_WARN_EMPTY_BODY = YES;
				CLANG_WARN_ENUM_CONVERSION = YES;
				CLANG_WARN_INFINITE_RECURSION = YES;
				CLANG_WARN_INT_CONVERSION = YES;
				CLANG_WARN_NON_LITERAL_NULL_CONVERSION = YES;
				CLANG_WARN_OBJC_IMPLICIT_RETAIN_SELF = YES;
				CLANG_WARN_OBJC_LITERAL_CONVERSION = YES;
				CLANG_WARN_OBJC_ROOT_CLASS = YES_ERROR;
				CLANG_WARN_QUOTED_INCLUDE_IN_FRAMEWORK_HEADER = YES;
				CLANG_WARN_RANGE_LOOP_ANALYSIS = YES;
				CLANG_WARN_STRICT_PROTOTYPES = YES;
				CLANG_WARN_SUSPICIOUS_MOVE = YES;
				CLANG_WARN_UNGUARDED_AVAILABILITY = YES_AGGRESSIVE;
				CLANG_WARN_UNREACHABLE_CODE = YES;
				CLANG_WARN__DUPLICATE_METHOD_MATCH = YES;
				COPY_PHASE_STRIP = NO;
				DEBUG_INFORMATION_FORMAT = dwarf;
				ENABLE_STRICT_OBJC_MSGSEND = YES;
				ENABLE_TESTABILITY = YES;
				ENABLE_USER_SCRIPT_SANDBOXING = YES;
				GCC_C_LANGUAGE_STANDARD = gnu17;
				GCC_DYNAMIC_NO_PIC = NO;
				GCC_NO_COMMON_BLOCKS = YES;
				GCC_OPTIMIZATION_LEVEL = 0;
				GCC_PREPROCESSOR_DEFINITIONS = (
					"DEBUG=1",
					"$(inherited)",
				);
				GCC_WARN_64_TO_32_BIT_CONVERSION = YES;
				GCC_WARN_ABOUT_RETURN_TYPE = YES_ERROR;
				GCC_WARN_UNDECLARED_SELECTOR = YES;
				GCC_WARN_UNINITIALIZED_AUTOS = YES_AGGRESSIVE;
				GCC_WARN_UNUSED_FUNCTION = YES;
				GCC_WARN_UNUSED_VARIABLE = YES;
				IPHONEOS_DEPLOYMENT_TARGET = 17.4;
				LOCALIZATION_PREFERS_STRING_CATALOGS = YES;
				MTL_ENABLE_DEBUG_INFO = INCLUDE_SOURCE;
				MTL_FAST_MATH = YES;
				ONLY_ACTIVE_ARCH = YES;
				SDKROOT = iphoneos;
				SWIFT_ACTIVE_COMPILATION_CONDITIONS = "DEBUG $(inherited)";
				SWIFT_OPTIMIZATION_LEVEL = "-Onone";
			};
			name = Debug;
		};
		52DF2B1C2BDF328100172E9A /* Release */ = {
			isa = XCBuildConfiguration;
			buildSettings = {
				ALWAYS_SEARCH_USER_PATHS = NO;
				ASSETCATALOG_COMPILER_GENERATE_SWIFT_ASSET_SYMBOL_EXTENSIONS = YES;
				CLANG_ANALYZER_NONNULL = YES;
				CLANG_ANALYZER_NUMBER_OBJECT_CONVERSION = YES_AGGRESSIVE;
				CLANG_CXX_LANGUAGE_STANDARD = "gnu++20";
				CLANG_ENABLE_MODULES = YES;
				CLANG_ENABLE_OBJC_ARC = YES;
				CLANG_ENABLE_OBJC_WEAK = YES;
				CLANG_WARN_BLOCK_CAPTURE_AUTORELEASING = YES;
				CLANG_WARN_BOOL_CONVERSION = YES;
				CLANG_WARN_COMMA = YES;
				CLANG_WARN_CONSTANT_CONVERSION = YES;
				CLANG_WARN_DEPRECATED_OBJC_IMPLEMENTATIONS = YES;
				CLANG_WARN_DIRECT_OBJC_ISA_USAGE = YES_ERROR;
				CLANG_WARN_DOCUMENTATION_COMMENTS = YES;
				CLANG_WARN_EMPTY_BODY = YES;
				CLANG_WARN_ENUM_CONVERSION = YES;
				CLANG_WARN_INFINITE_RECURSION = YES;
				CLANG_WARN_INT_CONVERSION = YES;
				CLANG_WARN_NON_LITERAL_NULL_CONVERSION = YES;
				CLANG_WARN_OBJC_IMPLICIT_RETAIN_SELF = YES;
				CLANG_WARN_OBJC_LITERAL_CONVERSION = YES;
				CLANG_WARN_OBJC_ROOT_CLASS = YES_ERROR;
				CLANG_WARN_QUOTED_INCLUDE_IN_FRAMEWORK_HEADER = YES;
				CLANG_WARN_RANGE_LOOP_ANALYSIS = YES;
				CLANG_WARN_STRICT_PROTOTYPES = YES;
				CLANG_WARN_SUSPICIOUS_MOVE = YES;
				CLANG_WARN_UNGUARDED_AVAILABILITY = YES_AGGRESSIVE;
				CLANG_WARN_UNREACHABLE_CODE = YES;
				CLANG_WARN__DUPLICATE_METHOD_MATCH = YES;
				COPY_PHASE_STRIP = NO;
				DEBUG_INFORMATION_FORMAT = "dwarf-with-dsym";
				ENABLE_NS_ASSERTIONS = NO;
				ENABLE_STRICT_OBJC_MSGSEND = YES;
				ENABLE_USER_SCRIPT_SANDBOXING = YES;
				GCC_C_LANGUAGE_STANDARD = gnu17;
				GCC_NO_COMMON_BLOCKS = YES;
				GCC_WARN_64_TO_32_BIT_CONVERSION = YES;
				GCC_WARN_ABOUT_RETURN_TYPE = YES_ERROR;
				GCC_WARN_UNDECLARED_SELECTOR = YES;
				GCC_WARN_UNINITIALIZED_AUTOS = YES_AGGRESSIVE;
				GCC_WARN_UNUSED_FUNCTION = YES;
				GCC_WARN_UNUSED_VARIABLE = YES;
				IPHONEOS_DEPLOYMENT_TARGET = 17.4;
				LOCALIZATION_PREFERS_STRING_CATALOGS = YES;
				MTL_ENABLE_DEBUG_INFO = NO;
				MTL_FAST_MATH = YES;
				SDKROOT = iphoneos;
				SWIFT_COMPILATION_MODE = wholemodule;
				VALIDATE_PRODUCT = YES;
			};
			name = Release;
		};
		52DF2B1E2BDF328100172E9A /* Debug */ = {
			isa = XCBuildConfiguration;
			buildSettings = {
				ASSETCATALOG_COMPILER_APPICON_NAME = AppIcon;
				ASSETCATALOG_COMPILER_GLOBAL_ACCENT_COLOR_NAME = AccentColor;
				CODE_SIGN_STYLE = Automatic;
				CURRENT_PROJECT_VERSION = 1;
				DEVELOPMENT_ASSET_PATHS = "\"Animalia/Preview Content\"";
				ENABLE_PREVIEWS = YES;
				GENERATE_INFOPLIST_FILE = YES;
				INFOPLIST_FILE = Animalia/Info.plist;
				INFOPLIST_KEY_LSApplicationCategoryType = "";
				INFOPLIST_KEY_UIApplicationSceneManifest_Generation = YES;
				INFOPLIST_KEY_UIApplicationSupportsIndirectInputEvents = YES;
				INFOPLIST_KEY_UISupportedInterfaceOrientations_iPad = "UIInterfaceOrientationPortrait UIInterfaceOrientationPortraitUpsideDown UIInterfaceOrientationLandscapeLeft UIInterfaceOrientationLandscapeRight";
				INFOPLIST_KEY_UISupportedInterfaceOrientations_iPhone = "UIInterfaceOrientationPortrait UIInterfaceOrientationLandscapeLeft UIInterfaceOrientationLandscapeRight";
				INFOPLIST_KEY_UIUserInterfaceStyle = Dark;
				IPHONEOS_DEPLOYMENT_TARGET = 17.0;
				LD_RUNPATH_SEARCH_PATHS = (
					"$(inherited)",
					"@executable_path/Frameworks",
				);
				MARKETING_VERSION = 1.0;
				PRODUCT_BUNDLE_IDENTIFIER = com.bdp.Animalia;
				PRODUCT_NAME = "$(TARGET_NAME)";
				SWIFT_EMIT_LOC_STRINGS = YES;
				SWIFT_VERSION = 5.0;
				TARGETED_DEVICE_FAMILY = "1,2";
			};
			name = Debug;
		};
		52DF2B1F2BDF328100172E9A /* Release */ = {
			isa = XCBuildConfiguration;
			buildSettings = {
				ASSETCATALOG_COMPILER_APPICON_NAME = AppIcon;
				ASSETCATALOG_COMPILER_GLOBAL_ACCENT_COLOR_NAME = AccentColor;
				CODE_SIGN_STYLE = Automatic;
				CURRENT_PROJECT_VERSION = 1;
				DEVELOPMENT_ASSET_PATHS = "\"Animalia/Preview Content\"";
				ENABLE_PREVIEWS = YES;
				GENERATE_INFOPLIST_FILE = YES;
				INFOPLIST_FILE = Animalia/Info.plist;
				INFOPLIST_KEY_LSApplicationCategoryType = "";
				INFOPLIST_KEY_UIApplicationSceneManifest_Generation = YES;
				INFOPLIST_KEY_UIApplicationSupportsIndirectInputEvents = YES;
				INFOPLIST_KEY_UISupportedInterfaceOrientations_iPad = "UIInterfaceOrientationPortrait UIInterfaceOrientationPortraitUpsideDown UIInterfaceOrientationLandscapeLeft UIInterfaceOrientationLandscapeRight";
				INFOPLIST_KEY_UISupportedInterfaceOrientations_iPhone = "UIInterfaceOrientationPortrait UIInterfaceOrientationLandscapeLeft UIInterfaceOrientationLandscapeRight";
				INFOPLIST_KEY_UIUserInterfaceStyle = Dark;
				IPHONEOS_DEPLOYMENT_TARGET = 17.0;
				LD_RUNPATH_SEARCH_PATHS = (
					"$(inherited)",
					"@executable_path/Frameworks",
				);
				MARKETING_VERSION = 1.0;
				PRODUCT_BUNDLE_IDENTIFIER = com.bdp.Animalia;
				PRODUCT_NAME = "$(TARGET_NAME)";
				SWIFT_EMIT_LOC_STRINGS = YES;
				SWIFT_VERSION = 5.0;
				TARGETED_DEVICE_FAMILY = "1,2";
			};
			name = Release;
		};
/* End XCBuildConfiguration section */

/* Begin XCConfigurationList section */
		52DF2B0A2BDF328000172E9A /* Build configuration list for PBXProject "Animalia" */ = {
			isa = XCConfigurationList;
			buildConfigurations = (
				52DF2B1B2BDF328100172E9A /* Debug */,
				52DF2B1C2BDF328100172E9A /* Release */,
			);
			defaultConfigurationIsVisible = 0;
			defaultConfigurationName = Release;
		};
		52DF2B1D2BDF328100172E9A /* Build configuration list for PBXNativeTarget "Animalia" */ = {
			isa = XCConfigurationList;
			buildConfigurations = (
				52DF2B1E2BDF328100172E9A /* Debug */,
				52DF2B1F2BDF328100172E9A /* Release */,
			);
			defaultConfigurationIsVisible = 0;
			defaultConfigurationName = Release;
		};
/* End XCConfigurationList section */
	};
	rootObject = 52DF2B072BDF328000172E9A /* Project object */;
}
